
Microsoft Visual Studio Solution File, Format Version 12.00
# Visual Studio 15
VisualStudioVersion = 15.0.28307.106
MinimumVisualStudioVersion = 10.0.40219.1
Project("{FAE04EC0-301F-11D3-BF4B-00C04F79EFBC}") = "Sammak.Core.Common", "Sammak.Core.Common\Sammak.Core.Common.csproj", "{A16CEB21-D847-471F-A813-C328ACDA2055}"
EndProject
Global
	GlobalSection(SolutionConfigurationPlatforms) = preSolution
		Debug|Any CPU = Debug|Any CPU
		Release|Any CPU = Release|Any CPU
	EndGlobalSection
	GlobalSection(ProjectConfigurationPlatforms) = postSolution
		{A16CEB21-D847-471F-A813-C328ACDA2055}.Debug|Any CPU.ActiveCfg = Debug|Any CPU
		{A16CEB21-D847-471F-A813-C328ACDA2055}.Debug|Any CPU.Build.0 = Debug|Any CPU
		{A16CEB21-D847-471F-A813-C328ACDA2055}.Release|Any CPU.ActiveCfg = Release|Any CPU
		{A16CEB21-D847-471F-A813-C328ACDA2055}.Release|Any CPU.Build.0 = Release|Any CPU
	EndGlobalSection
	GlobalSection(SolutionProperties) = preSolution
		HideSolutionNode = FALSE
	EndGlobalSection
	GlobalSection(ExtensibilityGlobals) = postSolution
		SolutionGuid = {F0151195-1947-4A54-BE95-8886BB672D44}
	EndGlobalSection
EndGlobal
